
Microsoft Visual Studio Solution File, Format Version 12.00
# Visual Studio Version 17
VisualStudioVersion = 17.5.33502.453
MinimumVisualStudioVersion = 10.0.40219.1
Project("{FAE04EC0-301F-11D3-BF4B-00C04F79EFBC}") = "Events", "Events\Events.csproj", "{B73903FE-0B87-42D4-97D7-D02E448F5187}"
EndProject
Project("{FAE04EC0-301F-11D3-BF4B-00C04F79EFBC}") = "Lecture6", "Lecture6\Lecture6.csproj", "{A6858547-BAAC-42BC-8585-D37FB4BE107E}"
EndProject
Project("{FAE04EC0-301F-11D3-BF4B-00C04F79EFBC}") = "Lecture7", "Lecture7\Lecture7.csproj", "{BA9E08D2-D207-4246-9E9E-8A11412C39C0}"
EndProject
Project("{FAE04EC0-301F-11D3-BF4B-00C04F79EFBC}") = "Lecture 8", "Lecture 8\Lecture 8.csproj", "{8A507202-C487-468F-B471-8EFECBFB8D65}"
EndProject
Project("{FAE04EC0-301F-11D3-BF4B-00C04F79EFBC}") = "Lecture9", "Lecture9\Lecture9.csproj", "{2D2FED31-21D7-4596-B510-E0B9D37ED380}"
EndProject
Project("{FAE04EC0-301F-11D3-BF4B-00C04F79EFBC}") = "Lecture9-support", "WindowsFormsApp2\Lecture9-support.csproj", "{E7F2029E-105E-498C-81CB-A3C993D84F94}"
EndProject
Project("{FAE04EC0-301F-11D3-BF4B-00C04F79EFBC}") = "Lecture10", "Lecture10\Lecture10.csproj", "{5301AF85-1A11-450B-8383-5B32047A5317}"
EndProject
Project("{FAE04EC0-301F-11D3-BF4B-00C04F79EFBC}") = "Assignment-1", "Assignment-1\Assignment-1.csproj", "{CE3A9AFB-0952-438E-938C-823D4A9D5E06}"
EndProject
Project("{FAE04EC0-301F-11D3-BF4B-00C04F79EFBC}") = "Lecture11", "Lecture11\Lecture11.csproj", "{897BF835-8B58-443E-9A37-B6098D050E08}"
EndProject
Project("{FAE04EC0-301F-11D3-BF4B-00C04F79EFBC}") = "Lecture12", "Lecture12\Lecture12.csproj", "{F922ED4E-3BAA-4849-A250-8FA2BECC1DCA}"
EndProject
Project("{FAE04EC0-301F-11D3-BF4B-00C04F79EFBC}") = "Lecture13", "Lecture13\Lecture13.csproj", "{EA844F75-0683-4965-8741-683A89009B10}"
EndProject
Project("{FAE04EC0-301F-11D3-BF4B-00C04F79EFBC}") = "Lecture14", "Lecture14\Lecture14.csproj", "{FF47DB56-61A6-462B-932E-6B609B507677}"
EndProject
Project("{FAE04EC0-301F-11D3-BF4B-00C04F79EFBC}") = "Lecture15", "Lecture15\Lecture15.csproj", "{AC32410E-C0FC-40AA-B06B-85E68C3B203C}"
EndProject
Project("{FAE04EC0-301F-11D3-BF4B-00C04F79EFBC}") = "Assignment4", "Assignment4\Assignment4.csproj", "{97D72597-BE7C-4192-8F1C-6897824C5AE9}"
EndProject
Project("{FAE04EC0-301F-11D3-BF4B-00C04F79EFBC}") = "Lecture16", "Lecture16\Lecture16.csproj", "{FAE81F20-5933-48C6-97E3-44E55854C1B1}"
EndProject
Project("{FAE04EC0-301F-11D3-BF4B-00C04F79EFBC}") = "Lecture17", "Lecture17\Lecture17.csproj", "{8805E70A-F915-462A-8382-25CFBD842760}"
EndProject
Project("{FAE04EC0-301F-11D3-BF4B-00C04F79EFBC}") = "Lecture18", "Lecture18\Lecture18.csproj", "{61E22C2C-7D15-41F5-BB5E-F21181A3E735}"
EndProject
Project("{FAE04EC0-301F-11D3-BF4B-00C04F79EFBC}") = "Lecture19", "Lecture19\Lecture19.csproj", "{DFF31A4A-89BE-455B-8223-6ED3C00CA201}"
EndProject
Global
	GlobalSection(SolutionConfigurationPlatforms) = preSolution
		Debug|Any CPU = Debug|Any CPU
		Release|Any CPU = Release|Any CPU
	EndGlobalSection
	GlobalSection(ProjectConfigurationPlatforms) = postSolution
		{B73903FE-0B87-42D4-97D7-D02E448F5187}.Debug|Any CPU.ActiveCfg = Debug|Any CPU
		{B73903FE-0B87-42D4-97D7-D02E448F5187}.Debug|Any CPU.Build.0 = Debug|Any CPU
		{B73903FE-0B87-42D4-97D7-D02E448F5187}.Release|Any CPU.ActiveCfg = Release|Any CPU
		{B73903FE-0B87-42D4-97D7-D02E448F5187}.Release|Any CPU.Build.0 = Release|Any CPU
		{A6858547-BAAC-42BC-8585-D37FB4BE107E}.Debug|Any CPU.ActiveCfg = Debug|Any CPU
		{A6858547-BAAC-42BC-8585-D37FB4BE107E}.Debug|Any CPU.Build.0 = Debug|Any CPU
		{A6858547-BAAC-42BC-8585-D37FB4BE107E}.Release|Any CPU.ActiveCfg = Release|Any CPU
		{A6858547-BAAC-42BC-8585-D37FB4BE107E}.Release|Any CPU.Build.0 = Release|Any CPU
		{BA9E08D2-D207-4246-9E9E-8A11412C39C0}.Debug|Any CPU.ActiveCfg = Debug|Any CPU
		{BA9E08D2-D207-4246-9E9E-8A11412C39C0}.Debug|Any CPU.Build.0 = Debug|Any CPU
		{BA9E08D2-D207-4246-9E9E-8A11412C39C0}.Release|Any CPU.ActiveCfg = Release|Any CPU
		{BA9E08D2-D207-4246-9E9E-8A11412C39C0}.Release|Any CPU.Build.0 = Release|Any CPU
		{8A507202-C487-468F-B471-8EFECBFB8D65}.Debug|Any CPU.ActiveCfg = Debug|Any CPU
		{8A507202-C487-468F-B471-8EFECBFB8D65}.Debug|Any CPU.Build.0 = Debug|Any CPU
		{8A507202-C487-468F-B471-8EFECBFB8D65}.Release|Any CPU.ActiveCfg = Release|Any CPU
		{8A507202-C487-468F-B471-8EFECBFB8D65}.Release|Any CPU.Build.0 = Release|Any CPU
		{2D2FED31-21D7-4596-B510-E0B9D37ED380}.Debug|Any CPU.ActiveCfg = Debug|Any CPU
		{2D2FED31-21D7-4596-B510-E0B9D37ED380}.Debug|Any CPU.Build.0 = Debug|Any CPU
		{2D2FED31-21D7-4596-B510-E0B9D37ED380}.Release|Any CPU.ActiveCfg = Release|Any CPU
		{2D2FED31-21D7-4596-B510-E0B9D37ED380}.Release|Any CPU.Build.0 = Release|Any CPU
		{E7F2029E-105E-498C-81CB-A3C993D84F94}.Debug|Any CPU.ActiveCfg = Debug|Any CPU
		{E7F2029E-105E-498C-81CB-A3C993D84F94}.Debug|Any CPU.Build.0 = Debug|Any CPU
		{E7F2029E-105E-498C-81CB-A3C993D84F94}.Release|Any CPU.ActiveCfg = Release|Any CPU
		{E7F2029E-105E-498C-81CB-A3C993D84F94}.Release|Any CPU.Build.0 = Release|Any CPU
		{5301AF85-1A11-450B-8383-5B32047A5317}.Debug|Any CPU.ActiveCfg = Debug|Any CPU
		{5301AF85-1A11-450B-8383-5B32047A5317}.Debug|Any CPU.Build.0 = Debug|Any CPU
		{5301AF85-1A11-450B-8383-5B32047A5317}.Release|Any CPU.ActiveCfg = Release|Any CPU
		{5301AF85-1A11-450B-8383-5B32047A5317}.Release|Any CPU.Build.0 = Release|Any CPU
		{CE3A9AFB-0952-438E-938C-823D4A9D5E06}.Debug|Any CPU.ActiveCfg = Debug|Any CPU
		{CE3A9AFB-0952-438E-938C-823D4A9D5E06}.Debug|Any CPU.Build.0 = Debug|Any CPU
		{CE3A9AFB-0952-438E-938C-823D4A9D5E06}.Release|Any CPU.ActiveCfg = Release|Any CPU
		{CE3A9AFB-0952-438E-938C-823D4A9D5E06}.Release|Any CPU.Build.0 = Release|Any CPU
		{897BF835-8B58-443E-9A37-B6098D050E08}.Debug|Any CPU.ActiveCfg = Debug|Any CPU
		{897BF835-8B58-443E-9A37-B6098D050E08}.Debug|Any CPU.Build.0 = Debug|Any CPU
		{897BF835-8B58-443E-9A37-B6098D050E08}.Release|Any CPU.ActiveCfg = Release|Any CPU
		{897BF835-8B58-443E-9A37-B6098D050E08}.Release|Any CPU.Build.0 = Release|Any CPU
		{F922ED4E-3BAA-4849-A250-8FA2BECC1DCA}.Debug|Any CPU.ActiveCfg = Debug|Any CPU
		{F922ED4E-3BAA-4849-A250-8FA2BECC1DCA}.Debug|Any CPU.Build.0 = Debug|Any CPU
		{F922ED4E-3BAA-4849-A250-8FA2BECC1DCA}.Release|Any CPU.ActiveCfg = Release|Any CPU
		{F922ED4E-3BAA-4849-A250-8FA2BECC1DCA}.Release|Any CPU.Build.0 = Release|Any CPU
		{EA844F75-0683-4965-8741-683A89009B10}.Debug|Any CPU.ActiveCfg = Debug|Any CPU
		{EA844F75-0683-4965-8741-683A89009B10}.Debug|Any CPU.Build.0 = Debug|Any CPU
		{EA844F75-0683-4965-8741-683A89009B10}.Release|Any CPU.ActiveCfg = Release|Any CPU
		{EA844F75-0683-4965-8741-683A89009B10}.Release|Any CPU.Build.0 = Release|Any CPU
		{FF47DB56-61A6-462B-932E-6B609B507677}.Debug|Any CPU.ActiveCfg = Debug|Any CPU
		{FF47DB56-61A6-462B-932E-6B609B507677}.Debug|Any CPU.Build.0 = Debug|Any CPU
		{FF47DB56-61A6-462B-932E-6B609B507677}.Release|Any CPU.ActiveCfg = Release|Any CPU
		{FF47DB56-61A6-462B-932E-6B609B507677}.Release|Any CPU.Build.0 = Release|Any CPU
		{AC32410E-C0FC-40AA-B06B-85E68C3B203C}.Debug|Any CPU.ActiveCfg = Debug|Any CPU
		{AC32410E-C0FC-40AA-B06B-85E68C3B203C}.Debug|Any CPU.Build.0 = Debug|Any CPU
		{AC32410E-C0FC-40AA-B06B-85E68C3B203C}.Release|Any CPU.ActiveCfg = Release|Any CPU
		{AC32410E-C0FC-40AA-B06B-85E68C3B203C}.Release|Any CPU.Build.0 = Release|Any CPU
		{97D72597-BE7C-4192-8F1C-6897824C5AE9}.Debug|Any CPU.ActiveCfg = Debug|Any CPU
		{97D72597-BE7C-4192-8F1C-6897824C5AE9}.Debug|Any CPU.Build.0 = Debug|Any CPU
		{97D72597-BE7C-4192-8F1C-6897824C5AE9}.Release|Any CPU.ActiveCfg = Release|Any CPU
		{97D72597-BE7C-4192-8F1C-6897824C5AE9}.Release|Any CPU.Build.0 = Release|Any CPU
		{FAE81F20-5933-48C6-97E3-44E55854C1B1}.Debug|Any CPU.ActiveCfg = Debug|Any CPU
		{FAE81F20-5933-48C6-97E3-44E55854C1B1}.Debug|Any CPU.Build.0 = Debug|Any CPU
		{FAE81F20-5933-48C6-97E3-44E55854C1B1}.Release|Any CPU.ActiveCfg = Release|Any CPU
		{FAE81F20-5933-48C6-97E3-44E55854C1B1}.Release|Any CPU.Build.0 = Release|Any CPU
		{8805E70A-F915-462A-8382-25CFBD842760}.Debug|Any CPU.ActiveCfg = Debug|Any CPU
		{8805E70A-F915-462A-8382-25CFBD842760}.Debug|Any CPU.Build.0 = Debug|Any CPU
		{8805E70A-F915-462A-8382-25CFBD842760}.Release|Any CPU.ActiveCfg = Release|Any CPU
		{8805E70A-F915-462A-8382-25CFBD842760}.Release|Any CPU.Build.0 = Release|Any CPU
		{61E22C2C-7D15-41F5-BB5E-F21181A3E735}.Debug|Any CPU.ActiveCfg = Debug|Any CPU
		{61E22C2C-7D15-41F5-BB5E-F21181A3E735}.Debug|Any CPU.Build.0 = Debug|Any CPU
		{61E22C2C-7D15-41F5-BB5E-F21181A3E735}.Release|Any CPU.ActiveCfg = Release|Any CPU
		{61E22C2C-7D15-41F5-BB5E-F21181A3E735}.Release|Any CPU.Build.0 = Release|Any CPU
		{DFF31A4A-89BE-455B-8223-6ED3C00CA201}.Debug|Any CPU.ActiveCfg = Debug|Any CPU
		{DFF31A4A-89BE-455B-8223-6ED3C00CA201}.Debug|Any CPU.Build.0 = Debug|Any CPU
		{DFF31A4A-89BE-455B-8223-6ED3C00CA201}.Release|Any CPU.ActiveCfg = Release|Any CPU
		{DFF31A4A-89BE-455B-8223-6ED3C00CA201}.Release|Any CPU.Build.0 = Release|Any CPU
	EndGlobalSection
	GlobalSection(SolutionProperties) = preSolution
		HideSolutionNode = FALSE
	EndGlobalSection
	GlobalSection(ExtensibilityGlobals) = postSolution
		SolutionGuid = {CA0AFA44-7BC4-46B6-A5C6-0522D83534B0}
	EndGlobalSection
EndGlobal
