
Microsoft Visual Studio Solution File, Format Version 12.00
# Visual Studio Version 17
VisualStudioVersion = 17.5.33502.453
MinimumVisualStudioVersion = 10.0.40219.1
Project("{FAE04EC0-301F-11D3-BF4B-00C04F79EFBC}") = "Events", "Events\Events.csproj", "{B73903FE-0B87-42D4-97D7-D02E448F5187}"
EndProject
Project("{FAE04EC0-301F-11D3-BF4B-00C04F79EFBC}") = "Lecture6", "Lecture6\Lecture6.csproj", "{A6858547-BAAC-42BC-8585-D37FB4BE107E}"
EndProject
Project("{FAE04EC0-301F-11D3-BF4B-00C04F79EFBC}") = "Lecture7", "Lecture7\Lecture7.csproj", "{BA9E08D2-D207-4246-9E9E-8A11412C39C0}"
EndProject
Project("{FAE04EC0-301F-11D3-BF4B-00C04F79EFBC}") = "Lecture 8", "Lecture 8\Lecture 8.csproj", "{8A507202-C487-468F-B471-8EFECBFB8D65}"
EndProject
Project("{FAE04EC0-301F-11D3-BF4B-00C04F79EFBC}") = "Lecture9", "Lecture9\Lecture9.csproj", "{2D2FED31-21D7-4596-B510-E0B9D37ED380}"
EndProject
Global
	GlobalSection(SolutionConfigurationPlatforms) = preSolution
		Debug|Any CPU = Debug|Any CPU
		Release|Any CPU = Release|Any CPU
	EndGlobalSection
	GlobalSection(ProjectConfigurationPlatforms) = postSolution
		{B73903FE-0B87-42D4-97D7-D02E448F5187}.Debug|Any CPU.ActiveCfg = Debug|Any CPU
		{B73903FE-0B87-42D4-97D7-D02E448F5187}.Debug|Any CPU.Build.0 = Debug|Any CPU
		{B73903FE-0B87-42D4-97D7-D02E448F5187}.Release|Any CPU.ActiveCfg = Release|Any CPU
		{B73903FE-0B87-42D4-97D7-D02E448F5187}.Release|Any CPU.Build.0 = Release|Any CPU
		{A6858547-BAAC-42BC-8585-D37FB4BE107E}.Debug|Any CPU.ActiveCfg = Debug|Any CPU
		{A6858547-BAAC-42BC-8585-D37FB4BE107E}.Debug|Any CPU.Build.0 = Debug|Any CPU
		{A6858547-BAAC-42BC-8585-D37FB4BE107E}.Release|Any CPU.ActiveCfg = Release|Any CPU
		{A6858547-BAAC-42BC-8585-D37FB4BE107E}.Release|Any CPU.Build.0 = Release|Any CPU
		{BA9E08D2-D207-4246-9E9E-8A11412C39C0}.Debug|Any CPU.ActiveCfg = Debug|Any CPU
		{BA9E08D2-D207-4246-9E9E-8A11412C39C0}.Debug|Any CPU.Build.0 = Debug|Any CPU
		{BA9E08D2-D207-4246-9E9E-8A11412C39C0}.Release|Any CPU.ActiveCfg = Release|Any CPU
		{BA9E08D2-D207-4246-9E9E-8A11412C39C0}.Release|Any CPU.Build.0 = Release|Any CPU
		{8A507202-C487-468F-B471-8EFECBFB8D65}.Debug|Any CPU.ActiveCfg = Debug|Any CPU
		{8A507202-C487-468F-B471-8EFECBFB8D65}.Debug|Any CPU.Build.0 = Debug|Any CPU
		{8A507202-C487-468F-B471-8EFECBFB8D65}.Release|Any CPU.ActiveCfg = Release|Any CPU
		{8A507202-C487-468F-B471-8EFECBFB8D65}.Release|Any CPU.Build.0 = Release|Any CPU
		{2D2FED31-21D7-4596-B510-E0B9D37ED380}.Debug|Any CPU.ActiveCfg = Debug|Any CPU
		{2D2FED31-21D7-4596-B510-E0B9D37ED380}.Debug|Any CPU.Build.0 = Debug|Any CPU
		{2D2FED31-21D7-4596-B510-E0B9D37ED380}.Release|Any CPU.ActiveCfg = Release|Any CPU
		{2D2FED31-21D7-4596-B510-E0B9D37ED380}.Release|Any CPU.Build.0 = Release|Any CPU
	EndGlobalSection
	GlobalSection(SolutionProperties) = preSolution
		HideSolutionNode = FALSE
	EndGlobalSection
	GlobalSection(ExtensibilityGlobals) = postSolution
		SolutionGuid = {CA0AFA44-7BC4-46B6-A5C6-0522D83534B0}
	EndGlobalSection
EndGlobal
